
Microsoft Visual Studio Solution File, Format Version 12.00
# Visual Studio Version 17
VisualStudioVersion = 17.12.35527.113 d17.12
MinimumVisualStudioVersion = 10.0.40219.1
Project("{FAE04EC0-301F-11D3-BF4B-00C04F79EFBC}") = "ClubManagement", "ClubManagement\ClubManagement.csproj", "{221BFE64-2CA4-4637-AC5C-EB80704B17C6}"
EndProject
Project("{FAE04EC0-301F-11D3-BF4B-00C04F79EFBC}") = "DataAccess", "DataAccess\DataAccess.csproj", "{2BBBF258-C9DA-42E9-B71F-3EBDADBB344D}"
EndProject
Project("{FAE04EC0-301F-11D3-BF4B-00C04F79EFBC}") = "Repository", "Repository\Repository.csproj", "{C027AE7F-FAFB-4907-9104-50BE3C742114}"
EndProject
Project("{FAE04EC0-301F-11D3-BF4B-00C04F79EFBC}") = "Services", "Services\Services.csproj", "{461C5FC1-FEE2-4535-B680-4F622116E9D1}"
EndProject
Global
	GlobalSection(SolutionConfigurationPlatforms) = preSolution
		Debug|Any CPU = Debug|Any CPU
		Release|Any CPU = Release|Any CPU
	EndGlobalSection
	GlobalSection(ProjectConfigurationPlatforms) = postSolution
		{221BFE64-2CA4-4637-AC5C-EB80704B17C6}.Debug|Any CPU.ActiveCfg = Debug|Any CPU
		{221BFE64-2CA4-4637-AC5C-EB80704B17C6}.Debug|Any CPU.Build.0 = Debug|Any CPU
		{221BFE64-2CA4-4637-AC5C-EB80704B17C6}.Release|Any CPU.ActiveCfg = Release|Any CPU
		{221BFE64-2CA4-4637-AC5C-EB80704B17C6}.Release|Any CPU.Build.0 = Release|Any CPU
		{2BBBF258-C9DA-42E9-B71F-3EBDADBB344D}.Debug|Any CPU.ActiveCfg = Debug|Any CPU
		{2BBBF258-C9DA-42E9-B71F-3EBDADBB344D}.Debug|Any CPU.Build.0 = Debug|Any CPU
		{2BBBF258-C9DA-42E9-B71F-3EBDADBB344D}.Release|Any CPU.ActiveCfg = Release|Any CPU
		{2BBBF258-C9DA-42E9-B71F-3EBDADBB344D}.Release|Any CPU.Build.0 = Release|Any CPU
		{C027AE7F-FAFB-4907-9104-50BE3C742114}.Debug|Any CPU.ActiveCfg = Debug|Any CPU
		{C027AE7F-FAFB-4907-9104-50BE3C742114}.Debug|Any CPU.Build.0 = Debug|Any CPU
		{C027AE7F-FAFB-4907-9104-50BE3C742114}.Release|Any CPU.ActiveCfg = Release|Any CPU
		{C027AE7F-FAFB-4907-9104-50BE3C742114}.Release|Any CPU.Build.0 = Release|Any CPU
		{461C5FC1-FEE2-4535-B680-4F622116E9D1}.Debug|Any CPU.ActiveCfg = Debug|Any CPU
		{461C5FC1-FEE2-4535-B680-4F622116E9D1}.Debug|Any CPU.Build.0 = Debug|Any CPU
		{461C5FC1-FEE2-4535-B680-4F622116E9D1}.Release|Any CPU.ActiveCfg = Release|Any CPU
		{461C5FC1-FEE2-4535-B680-4F622116E9D1}.Release|Any CPU.Build.0 = Release|Any CPU
	EndGlobalSection
	GlobalSection(SolutionProperties) = preSolution
		HideSolutionNode = FALSE
	EndGlobalSection
EndGlobal
